
Microsoft Visual Studio Solution File, Format Version 12.00
# Visual Studio 2017
Project("{FAE04EC0-301F-11D3-BF4B-00C04F79EFBC}") = "Chu Chu", "Chu Chu.csproj", "{A9E218BA-5F57-7ECD-582A-309F021FECDD}"
EndProject
Global
	GlobalSection(SolutionConfigurationPlatforms) = preSolution
		Debug|Any CPU = Debug|Any CPU
		Release|Any CPU = Release|Any CPU
	EndGlobalSection
	GlobalSection(ProjectConfigurationPlatforms) = postSolution
		{A9E218BA-5F57-7ECD-582A-309F021FECDD}.Debug|Any CPU.ActiveCfg = Debug|Any CPU
		{A9E218BA-5F57-7ECD-582A-309F021FECDD}.Debug|Any CPU.Build.0 = Debug|Any CPU
		{A9E218BA-5F57-7ECD-582A-309F021FECDD}.Release|Any CPU.ActiveCfg = Release|Any CPU
		{A9E218BA-5F57-7ECD-582A-309F021FECDD}.Release|Any CPU.Build.0 = Release|Any CPU
	EndGlobalSection
	GlobalSection(SolutionProperties) = preSolution
		HideSolutionNode = FALSE
	EndGlobalSection
EndGlobal
